
Microsoft Visual Studio Solution File, Format Version 12.00
# Visual Studio Version 17
Project("{2150E333-8FDC-42A3-9474-1A3956D46DE8}") = "CMakePredefinedTargets", "CMakePredefinedTargets", "{A7C2AD0A-BE78-37CC-9892-F9E5BA732FE4}"
EndProject
Project("{2150E333-8FDC-42A3-9474-1A3956D46DE8}") = "External", "External", "{0B384174-164C-3556-B2D7-EAB5A58D3A82}"
EndProject
Project("{2150E333-8FDC-42A3-9474-1A3956D46DE8}") = "Internal", "Internal", "{E96C9E29-8BD3-37EA-B745-7874E0ACC431}"
EndProject
Project("{2150E333-8FDC-42A3-9474-1A3956D46DE8}") = "Utils", "Utils", "{628A616A-6FAE-3893-90E9-6D18F425F14E}"
EndProject
Project("{8BC9CEB8-8B4A-11D0-8D11-00A0C91BC942}") = "ALL_BUILD", "ALL_BUILD.vcxproj", "{067EA872-447F-3881-904F-A6156892D2C9}"
	ProjectSection(ProjectDependencies) = postProject
		{4799C946-4C28-3FC7-9529-3A1A4C12F199} = {4799C946-4C28-3FC7-9529-3A1A4C12F199}
		{3A9FF9DB-ECFC-3553-9911-9C6B00E7C110} = {3A9FF9DB-ECFC-3553-9911-9C6B00E7C110}
		{6A689452-6A5F-34DE-8D30-260257ABAFFF} = {6A689452-6A5F-34DE-8D30-260257ABAFFF}
		{B8C18583-9506-39B1-92A5-C640F5AB7C6A} = {B8C18583-9506-39B1-92A5-C640F5AB7C6A}
		{3769B41E-E395-311C-8A2D-29A497CDEBA2} = {3769B41E-E395-311C-8A2D-29A497CDEBA2}
		{CD540BB5-3C27-37D3-AD09-3411BAA2B9C3} = {CD540BB5-3C27-37D3-AD09-3411BAA2B9C3}
		{AB9D27B8-8BAF-3CFE-B90F-A8EAB209DBE3} = {AB9D27B8-8BAF-3CFE-B90F-A8EAB209DBE3}
		{23B956B1-6A68-3F99-9BB0-0DD05FDF55AF} = {23B956B1-6A68-3F99-9BB0-0DD05FDF55AF}
		{5AA289E2-83A6-3B2D-9D30-AD65A822D8EB} = {5AA289E2-83A6-3B2D-9D30-AD65A822D8EB}
		{5668B4FC-7FAC-3FF0-B127-F22BD945FE89} = {5668B4FC-7FAC-3FF0-B127-F22BD945FE89}
		{F096319F-F515-33ED-98B8-AC60BF57EB98} = {F096319F-F515-33ED-98B8-AC60BF57EB98}
		{2E6AC5B8-E749-31E2-AD9D-01F7D8F222F6} = {2E6AC5B8-E749-31E2-AD9D-01F7D8F222F6}
		{2F494B3B-586E-3ED5-9A44-CC32F8B9CE8F} = {2F494B3B-586E-3ED5-9A44-CC32F8B9CE8F}
		{288E91A9-5543-3C6D-A091-AF2184933420} = {288E91A9-5543-3C6D-A091-AF2184933420}
		{C4FD8851-2B33-3458-865C-1B594B039C95} = {C4FD8851-2B33-3458-865C-1B594B039C95}
	EndProjectSection
EndProject
Project("{8BC9CEB8-8B4A-11D0-8D11-00A0C91BC942}") = "SYNC_RESOURCE-TestGit", "SYNC_RESOURCE-TestGit.vcxproj", "{4799C946-4C28-3FC7-9529-3A1A4C12F199}"
	ProjectSection(ProjectDependencies) = postProject
		{6A689452-6A5F-34DE-8D30-260257ABAFFF} = {6A689452-6A5F-34DE-8D30-260257ABAFFF}
	EndProjectSection
EndProject
Project("{8BC9CEB8-8B4A-11D0-8D11-00A0C91BC942}") = "TestGit", "TestGit.vcxproj", "{3A9FF9DB-ECFC-3553-9911-9C6B00E7C110}"
	ProjectSection(ProjectDependencies) = postProject
		{4799C946-4C28-3FC7-9529-3A1A4C12F199} = {4799C946-4C28-3FC7-9529-3A1A4C12F199}
		{6A689452-6A5F-34DE-8D30-260257ABAFFF} = {6A689452-6A5F-34DE-8D30-260257ABAFFF}
		{B8C18583-9506-39B1-92A5-C640F5AB7C6A} = {B8C18583-9506-39B1-92A5-C640F5AB7C6A}
		{3769B41E-E395-311C-8A2D-29A497CDEBA2} = {3769B41E-E395-311C-8A2D-29A497CDEBA2}
		{CD540BB5-3C27-37D3-AD09-3411BAA2B9C3} = {CD540BB5-3C27-37D3-AD09-3411BAA2B9C3}
		{AB9D27B8-8BAF-3CFE-B90F-A8EAB209DBE3} = {AB9D27B8-8BAF-3CFE-B90F-A8EAB209DBE3}
		{23B956B1-6A68-3F99-9BB0-0DD05FDF55AF} = {23B956B1-6A68-3F99-9BB0-0DD05FDF55AF}
		{5AA289E2-83A6-3B2D-9D30-AD65A822D8EB} = {5AA289E2-83A6-3B2D-9D30-AD65A822D8EB}
		{5668B4FC-7FAC-3FF0-B127-F22BD945FE89} = {5668B4FC-7FAC-3FF0-B127-F22BD945FE89}
		{F096319F-F515-33ED-98B8-AC60BF57EB98} = {F096319F-F515-33ED-98B8-AC60BF57EB98}
		{2E6AC5B8-E749-31E2-AD9D-01F7D8F222F6} = {2E6AC5B8-E749-31E2-AD9D-01F7D8F222F6}
		{2F494B3B-586E-3ED5-9A44-CC32F8B9CE8F} = {2F494B3B-586E-3ED5-9A44-CC32F8B9CE8F}
		{288E91A9-5543-3C6D-A091-AF2184933420} = {288E91A9-5543-3C6D-A091-AF2184933420}
		{C4FD8851-2B33-3458-865C-1B594B039C95} = {C4FD8851-2B33-3458-865C-1B594B039C95}
	EndProjectSection
EndProject
Project("{8BC9CEB8-8B4A-11D0-8D11-00A0C91BC942}") = "ZERO_CHECK", "ZERO_CHECK.vcxproj", "{6A689452-6A5F-34DE-8D30-260257ABAFFF}"
	ProjectSection(ProjectDependencies) = postProject
	EndProjectSection
EndProject
Project("{8BC9CEB8-8B4A-11D0-8D11-00A0C91BC942}") = "cocos2d", "engine\cocos\core\cocos2d.vcxproj", "{B8C18583-9506-39B1-92A5-C640F5AB7C6A}"
	ProjectSection(ProjectDependencies) = postProject
		{6A689452-6A5F-34DE-8D30-260257ABAFFF} = {6A689452-6A5F-34DE-8D30-260257ABAFFF}
		{3769B41E-E395-311C-8A2D-29A497CDEBA2} = {3769B41E-E395-311C-8A2D-29A497CDEBA2}
		{CD540BB5-3C27-37D3-AD09-3411BAA2B9C3} = {CD540BB5-3C27-37D3-AD09-3411BAA2B9C3}
		{AB9D27B8-8BAF-3CFE-B90F-A8EAB209DBE3} = {AB9D27B8-8BAF-3CFE-B90F-A8EAB209DBE3}
		{23B956B1-6A68-3F99-9BB0-0DD05FDF55AF} = {23B956B1-6A68-3F99-9BB0-0DD05FDF55AF}
		{5AA289E2-83A6-3B2D-9D30-AD65A822D8EB} = {5AA289E2-83A6-3B2D-9D30-AD65A822D8EB}
		{5668B4FC-7FAC-3FF0-B127-F22BD945FE89} = {5668B4FC-7FAC-3FF0-B127-F22BD945FE89}
		{F096319F-F515-33ED-98B8-AC60BF57EB98} = {F096319F-F515-33ED-98B8-AC60BF57EB98}
		{2E6AC5B8-E749-31E2-AD9D-01F7D8F222F6} = {2E6AC5B8-E749-31E2-AD9D-01F7D8F222F6}
		{2F494B3B-586E-3ED5-9A44-CC32F8B9CE8F} = {2F494B3B-586E-3ED5-9A44-CC32F8B9CE8F}
		{288E91A9-5543-3C6D-A091-AF2184933420} = {288E91A9-5543-3C6D-A091-AF2184933420}
		{C4FD8851-2B33-3458-865C-1B594B039C95} = {C4FD8851-2B33-3458-865C-1B594B039C95}
	EndProjectSection
EndProject
Project("{8BC9CEB8-8B4A-11D0-8D11-00A0C91BC942}") = "ext_clipper", "engine\external\clipper\ext_clipper.vcxproj", "{3769B41E-E395-311C-8A2D-29A497CDEBA2}"
	ProjectSection(ProjectDependencies) = postProject
		{6A689452-6A5F-34DE-8D30-260257ABAFFF} = {6A689452-6A5F-34DE-8D30-260257ABAFFF}
	EndProjectSection
EndProject
Project("{8BC9CEB8-8B4A-11D0-8D11-00A0C91BC942}") = "ext_convertUTF", "engine\external\ConvertUTF\ext_convertUTF.vcxproj", "{CD540BB5-3C27-37D3-AD09-3411BAA2B9C3}"
	ProjectSection(ProjectDependencies) = postProject
		{6A689452-6A5F-34DE-8D30-260257ABAFFF} = {6A689452-6A5F-34DE-8D30-260257ABAFFF}
	EndProjectSection
EndProject
Project("{8BC9CEB8-8B4A-11D0-8D11-00A0C91BC942}") = "ext_edtaa3func", "engine\external\edtaa3func\ext_edtaa3func.vcxproj", "{AB9D27B8-8BAF-3CFE-B90F-A8EAB209DBE3}"
	ProjectSection(ProjectDependencies) = postProject
		{6A689452-6A5F-34DE-8D30-260257ABAFFF} = {6A689452-6A5F-34DE-8D30-260257ABAFFF}
	EndProjectSection
EndProject
Project("{8BC9CEB8-8B4A-11D0-8D11-00A0C91BC942}") = "ext_md5", "engine\external\md5\ext_md5.vcxproj", "{23B956B1-6A68-3F99-9BB0-0DD05FDF55AF}"
	ProjectSection(ProjectDependencies) = postProject
		{6A689452-6A5F-34DE-8D30-260257ABAFFF} = {6A689452-6A5F-34DE-8D30-260257ABAFFF}
	EndProjectSection
EndProject
Project("{8BC9CEB8-8B4A-11D0-8D11-00A0C91BC942}") = "ext_poly2tri", "engine\external\poly2tri\ext_poly2tri.vcxproj", "{5AA289E2-83A6-3B2D-9D30-AD65A822D8EB}"
	ProjectSection(ProjectDependencies) = postProject
		{6A689452-6A5F-34DE-8D30-260257ABAFFF} = {6A689452-6A5F-34DE-8D30-260257ABAFFF}
	EndProjectSection
EndProject
Project("{8BC9CEB8-8B4A-11D0-8D11-00A0C91BC942}") = "ext_recast", "engine\external\recast\ext_recast.vcxproj", "{5668B4FC-7FAC-3FF0-B127-F22BD945FE89}"
	ProjectSection(ProjectDependencies) = postProject
		{6A689452-6A5F-34DE-8D30-260257ABAFFF} = {6A689452-6A5F-34DE-8D30-260257ABAFFF}
	EndProjectSection
EndProject
Project("{8BC9CEB8-8B4A-11D0-8D11-00A0C91BC942}") = "ext_tinyxml2", "engine\external\tinyxml2\ext_tinyxml2.vcxproj", "{F096319F-F515-33ED-98B8-AC60BF57EB98}"
	ProjectSection(ProjectDependencies) = postProject
		{6A689452-6A5F-34DE-8D30-260257ABAFFF} = {6A689452-6A5F-34DE-8D30-260257ABAFFF}
	EndProjectSection
EndProject
Project("{8BC9CEB8-8B4A-11D0-8D11-00A0C91BC942}") = "ext_unzip", "engine\external\unzip\ext_unzip.vcxproj", "{2E6AC5B8-E749-31E2-AD9D-01F7D8F222F6}"
	ProjectSection(ProjectDependencies) = postProject
		{6A689452-6A5F-34DE-8D30-260257ABAFFF} = {6A689452-6A5F-34DE-8D30-260257ABAFFF}
	EndProjectSection
EndProject
Project("{8BC9CEB8-8B4A-11D0-8D11-00A0C91BC942}") = "ext_xxhash", "engine\external\xxhash\ext_xxhash.vcxproj", "{2F494B3B-586E-3ED5-9A44-CC32F8B9CE8F}"
	ProjectSection(ProjectDependencies) = postProject
		{6A689452-6A5F-34DE-8D30-260257ABAFFF} = {6A689452-6A5F-34DE-8D30-260257ABAFFF}
	EndProjectSection
EndProject
Project("{8BC9CEB8-8B4A-11D0-8D11-00A0C91BC942}") = "ext_xxtea", "engine\external\xxtea\ext_xxtea.vcxproj", "{288E91A9-5543-3C6D-A091-AF2184933420}"
	ProjectSection(ProjectDependencies) = postProject
		{6A689452-6A5F-34DE-8D30-260257ABAFFF} = {6A689452-6A5F-34DE-8D30-260257ABAFFF}
	EndProjectSection
EndProject
Project("{8BC9CEB8-8B4A-11D0-8D11-00A0C91BC942}") = "external", "engine\external\external.vcxproj", "{C4FD8851-2B33-3458-865C-1B594B039C95}"
	ProjectSection(ProjectDependencies) = postProject
		{6A689452-6A5F-34DE-8D30-260257ABAFFF} = {6A689452-6A5F-34DE-8D30-260257ABAFFF}
		{3769B41E-E395-311C-8A2D-29A497CDEBA2} = {3769B41E-E395-311C-8A2D-29A497CDEBA2}
		{CD540BB5-3C27-37D3-AD09-3411BAA2B9C3} = {CD540BB5-3C27-37D3-AD09-3411BAA2B9C3}
		{AB9D27B8-8BAF-3CFE-B90F-A8EAB209DBE3} = {AB9D27B8-8BAF-3CFE-B90F-A8EAB209DBE3}
		{23B956B1-6A68-3F99-9BB0-0DD05FDF55AF} = {23B956B1-6A68-3F99-9BB0-0DD05FDF55AF}
		{5AA289E2-83A6-3B2D-9D30-AD65A822D8EB} = {5AA289E2-83A6-3B2D-9D30-AD65A822D8EB}
		{5668B4FC-7FAC-3FF0-B127-F22BD945FE89} = {5668B4FC-7FAC-3FF0-B127-F22BD945FE89}
		{F096319F-F515-33ED-98B8-AC60BF57EB98} = {F096319F-F515-33ED-98B8-AC60BF57EB98}
		{2E6AC5B8-E749-31E2-AD9D-01F7D8F222F6} = {2E6AC5B8-E749-31E2-AD9D-01F7D8F222F6}
		{2F494B3B-586E-3ED5-9A44-CC32F8B9CE8F} = {2F494B3B-586E-3ED5-9A44-CC32F8B9CE8F}
		{288E91A9-5543-3C6D-A091-AF2184933420} = {288E91A9-5543-3C6D-A091-AF2184933420}
	EndProjectSection
EndProject
Global
	GlobalSection(SolutionConfigurationPlatforms) = preSolution
		Debug|Win32 = Debug|Win32
		Release|Win32 = Release|Win32
		MinSizeRel|Win32 = MinSizeRel|Win32
		RelWithDebInfo|Win32 = RelWithDebInfo|Win32
	EndGlobalSection
	GlobalSection(ProjectConfigurationPlatforms) = postSolution
		{067EA872-447F-3881-904F-A6156892D2C9}.Debug|Win32.ActiveCfg = Debug|Win32
		{067EA872-447F-3881-904F-A6156892D2C9}.Release|Win32.ActiveCfg = Release|Win32
		{067EA872-447F-3881-904F-A6156892D2C9}.MinSizeRel|Win32.ActiveCfg = MinSizeRel|Win32
		{067EA872-447F-3881-904F-A6156892D2C9}.RelWithDebInfo|Win32.ActiveCfg = RelWithDebInfo|Win32
		{4799C946-4C28-3FC7-9529-3A1A4C12F199}.Debug|Win32.ActiveCfg = Debug|Win32
		{4799C946-4C28-3FC7-9529-3A1A4C12F199}.Debug|Win32.Build.0 = Debug|Win32
		{4799C946-4C28-3FC7-9529-3A1A4C12F199}.Release|Win32.ActiveCfg = Release|Win32
		{4799C946-4C28-3FC7-9529-3A1A4C12F199}.Release|Win32.Build.0 = Release|Win32
		{4799C946-4C28-3FC7-9529-3A1A4C12F199}.MinSizeRel|Win32.ActiveCfg = MinSizeRel|Win32
		{4799C946-4C28-3FC7-9529-3A1A4C12F199}.MinSizeRel|Win32.Build.0 = MinSizeRel|Win32
		{4799C946-4C28-3FC7-9529-3A1A4C12F199}.RelWithDebInfo|Win32.ActiveCfg = RelWithDebInfo|Win32
		{4799C946-4C28-3FC7-9529-3A1A4C12F199}.RelWithDebInfo|Win32.Build.0 = RelWithDebInfo|Win32
		{3A9FF9DB-ECFC-3553-9911-9C6B00E7C110}.Debug|Win32.ActiveCfg = Debug|Win32
		{3A9FF9DB-ECFC-3553-9911-9C6B00E7C110}.Debug|Win32.Build.0 = Debug|Win32
		{3A9FF9DB-ECFC-3553-9911-9C6B00E7C110}.Release|Win32.ActiveCfg = Release|Win32
		{3A9FF9DB-ECFC-3553-9911-9C6B00E7C110}.Release|Win32.Build.0 = Release|Win32
		{3A9FF9DB-ECFC-3553-9911-9C6B00E7C110}.MinSizeRel|Win32.ActiveCfg = MinSizeRel|Win32
		{3A9FF9DB-ECFC-3553-9911-9C6B00E7C110}.MinSizeRel|Win32.Build.0 = MinSizeRel|Win32
		{3A9FF9DB-ECFC-3553-9911-9C6B00E7C110}.RelWithDebInfo|Win32.ActiveCfg = RelWithDebInfo|Win32
		{3A9FF9DB-ECFC-3553-9911-9C6B00E7C110}.RelWithDebInfo|Win32.Build.0 = RelWithDebInfo|Win32
		{6A689452-6A5F-34DE-8D30-260257ABAFFF}.Debug|Win32.ActiveCfg = Debug|Win32
		{6A689452-6A5F-34DE-8D30-260257ABAFFF}.Debug|Win32.Build.0 = Debug|Win32
		{6A689452-6A5F-34DE-8D30-260257ABAFFF}.Release|Win32.ActiveCfg = Release|Win32
		{6A689452-6A5F-34DE-8D30-260257ABAFFF}.Release|Win32.Build.0 = Release|Win32
		{6A689452-6A5F-34DE-8D30-260257ABAFFF}.MinSizeRel|Win32.ActiveCfg = MinSizeRel|Win32
		{6A689452-6A5F-34DE-8D30-260257ABAFFF}.MinSizeRel|Win32.Build.0 = MinSizeRel|Win32
		{6A689452-6A5F-34DE-8D30-260257ABAFFF}.RelWithDebInfo|Win32.ActiveCfg = RelWithDebInfo|Win32
		{6A689452-6A5F-34DE-8D30-260257ABAFFF}.RelWithDebInfo|Win32.Build.0 = RelWithDebInfo|Win32
		{B8C18583-9506-39B1-92A5-C640F5AB7C6A}.Debug|Win32.ActiveCfg = Debug|Win32
		{B8C18583-9506-39B1-92A5-C640F5AB7C6A}.Debug|Win32.Build.0 = Debug|Win32
		{B8C18583-9506-39B1-92A5-C640F5AB7C6A}.Release|Win32.ActiveCfg = Release|Win32
		{B8C18583-9506-39B1-92A5-C640F5AB7C6A}.Release|Win32.Build.0 = Release|Win32
		{B8C18583-9506-39B1-92A5-C640F5AB7C6A}.MinSizeRel|Win32.ActiveCfg = MinSizeRel|Win32
		{B8C18583-9506-39B1-92A5-C640F5AB7C6A}.MinSizeRel|Win32.Build.0 = MinSizeRel|Win32
		{B8C18583-9506-39B1-92A5-C640F5AB7C6A}.RelWithDebInfo|Win32.ActiveCfg = RelWithDebInfo|Win32
		{B8C18583-9506-39B1-92A5-C640F5AB7C6A}.RelWithDebInfo|Win32.Build.0 = RelWithDebInfo|Win32
		{3769B41E-E395-311C-8A2D-29A497CDEBA2}.Debug|Win32.ActiveCfg = Debug|Win32
		{3769B41E-E395-311C-8A2D-29A497CDEBA2}.Debug|Win32.Build.0 = Debug|Win32
		{3769B41E-E395-311C-8A2D-29A497CDEBA2}.Release|Win32.ActiveCfg = Release|Win32
		{3769B41E-E395-311C-8A2D-29A497CDEBA2}.Release|Win32.Build.0 = Release|Win32
		{3769B41E-E395-311C-8A2D-29A497CDEBA2}.MinSizeRel|Win32.ActiveCfg = MinSizeRel|Win32
		{3769B41E-E395-311C-8A2D-29A497CDEBA2}.MinSizeRel|Win32.Build.0 = MinSizeRel|Win32
		{3769B41E-E395-311C-8A2D-29A497CDEBA2}.RelWithDebInfo|Win32.ActiveCfg = RelWithDebInfo|Win32
		{3769B41E-E395-311C-8A2D-29A497CDEBA2}.RelWithDebInfo|Win32.Build.0 = RelWithDebInfo|Win32
		{CD540BB5-3C27-37D3-AD09-3411BAA2B9C3}.Debug|Win32.ActiveCfg = Debug|Win32
		{CD540BB5-3C27-37D3-AD09-3411BAA2B9C3}.Debug|Win32.Build.0 = Debug|Win32
		{CD540BB5-3C27-37D3-AD09-3411BAA2B9C3}.Release|Win32.ActiveCfg = Release|Win32
		{CD540BB5-3C27-37D3-AD09-3411BAA2B9C3}.Release|Win32.Build.0 = Release|Win32
		{CD540BB5-3C27-37D3-AD09-3411BAA2B9C3}.MinSizeRel|Win32.ActiveCfg = MinSizeRel|Win32
		{CD540BB5-3C27-37D3-AD09-3411BAA2B9C3}.MinSizeRel|Win32.Build.0 = MinSizeRel|Win32
		{CD540BB5-3C27-37D3-AD09-3411BAA2B9C3}.RelWithDebInfo|Win32.ActiveCfg = RelWithDebInfo|Win32
		{CD540BB5-3C27-37D3-AD09-3411BAA2B9C3}.RelWithDebInfo|Win32.Build.0 = RelWithDebInfo|Win32
		{AB9D27B8-8BAF-3CFE-B90F-A8EAB209DBE3}.Debug|Win32.ActiveCfg = Debug|Win32
		{AB9D27B8-8BAF-3CFE-B90F-A8EAB209DBE3}.Debug|Win32.Build.0 = Debug|Win32
		{AB9D27B8-8BAF-3CFE-B90F-A8EAB209DBE3}.Release|Win32.ActiveCfg = Release|Win32
		{AB9D27B8-8BAF-3CFE-B90F-A8EAB209DBE3}.Release|Win32.Build.0 = Release|Win32
		{AB9D27B8-8BAF-3CFE-B90F-A8EAB209DBE3}.MinSizeRel|Win32.ActiveCfg = MinSizeRel|Win32
		{AB9D27B8-8BAF-3CFE-B90F-A8EAB209DBE3}.MinSizeRel|Win32.Build.0 = MinSizeRel|Win32
		{AB9D27B8-8BAF-3CFE-B90F-A8EAB209DBE3}.RelWithDebInfo|Win32.ActiveCfg = RelWithDebInfo|Win32
		{AB9D27B8-8BAF-3CFE-B90F-A8EAB209DBE3}.RelWithDebInfo|Win32.Build.0 = RelWithDebInfo|Win32
		{23B956B1-6A68-3F99-9BB0-0DD05FDF55AF}.Debug|Win32.ActiveCfg = Debug|Win32
		{23B956B1-6A68-3F99-9BB0-0DD05FDF55AF}.Debug|Win32.Build.0 = Debug|Win32
		{23B956B1-6A68-3F99-9BB0-0DD05FDF55AF}.Release|Win32.ActiveCfg = Release|Win32
		{23B956B1-6A68-3F99-9BB0-0DD05FDF55AF}.Release|Win32.Build.0 = Release|Win32
		{23B956B1-6A68-3F99-9BB0-0DD05FDF55AF}.MinSizeRel|Win32.ActiveCfg = MinSizeRel|Win32
		{23B956B1-6A68-3F99-9BB0-0DD05FDF55AF}.MinSizeRel|Win32.Build.0 = MinSizeRel|Win32
		{23B956B1-6A68-3F99-9BB0-0DD05FDF55AF}.RelWithDebInfo|Win32.ActiveCfg = RelWithDebInfo|Win32
		{23B956B1-6A68-3F99-9BB0-0DD05FDF55AF}.RelWithDebInfo|Win32.Build.0 = RelWithDebInfo|Win32
		{5AA289E2-83A6-3B2D-9D30-AD65A822D8EB}.Debug|Win32.ActiveCfg = Debug|Win32
		{5AA289E2-83A6-3B2D-9D30-AD65A822D8EB}.Debug|Win32.Build.0 = Debug|Win32
		{5AA289E2-83A6-3B2D-9D30-AD65A822D8EB}.Release|Win32.ActiveCfg = Release|Win32
		{5AA289E2-83A6-3B2D-9D30-AD65A822D8EB}.Release|Win32.Build.0 = Release|Win32
		{5AA289E2-83A6-3B2D-9D30-AD65A822D8EB}.MinSizeRel|Win32.ActiveCfg = MinSizeRel|Win32
		{5AA289E2-83A6-3B2D-9D30-AD65A822D8EB}.MinSizeRel|Win32.Build.0 = MinSizeRel|Win32
		{5AA289E2-83A6-3B2D-9D30-AD65A822D8EB}.RelWithDebInfo|Win32.ActiveCfg = RelWithDebInfo|Win32
		{5AA289E2-83A6-3B2D-9D30-AD65A822D8EB}.RelWithDebInfo|Win32.Build.0 = RelWithDebInfo|Win32
		{5668B4FC-7FAC-3FF0-B127-F22BD945FE89}.Debug|Win32.ActiveCfg = Debug|Win32
		{5668B4FC-7FAC-3FF0-B127-F22BD945FE89}.Debug|Win32.Build.0 = Debug|Win32
		{5668B4FC-7FAC-3FF0-B127-F22BD945FE89}.Release|Win32.ActiveCfg = Release|Win32
		{5668B4FC-7FAC-3FF0-B127-F22BD945FE89}.Release|Win32.Build.0 = Release|Win32
		{5668B4FC-7FAC-3FF0-B127-F22BD945FE89}.MinSizeRel|Win32.ActiveCfg = MinSizeRel|Win32
		{5668B4FC-7FAC-3FF0-B127-F22BD945FE89}.MinSizeRel|Win32.Build.0 = MinSizeRel|Win32
		{5668B4FC-7FAC-3FF0-B127-F22BD945FE89}.RelWithDebInfo|Win32.ActiveCfg = RelWithDebInfo|Win32
		{5668B4FC-7FAC-3FF0-B127-F22BD945FE89}.RelWithDebInfo|Win32.Build.0 = RelWithDebInfo|Win32
		{F096319F-F515-33ED-98B8-AC60BF57EB98}.Debug|Win32.ActiveCfg = Debug|Win32
		{F096319F-F515-33ED-98B8-AC60BF57EB98}.Debug|Win32.Build.0 = Debug|Win32
		{F096319F-F515-33ED-98B8-AC60BF57EB98}.Release|Win32.ActiveCfg = Release|Win32
		{F096319F-F515-33ED-98B8-AC60BF57EB98}.Release|Win32.Build.0 = Release|Win32
		{F096319F-F515-33ED-98B8-AC60BF57EB98}.MinSizeRel|Win32.ActiveCfg = MinSizeRel|Win32
		{F096319F-F515-33ED-98B8-AC60BF57EB98}.MinSizeRel|Win32.Build.0 = MinSizeRel|Win32
		{F096319F-F515-33ED-98B8-AC60BF57EB98}.RelWithDebInfo|Win32.ActiveCfg = RelWithDebInfo|Win32
		{F096319F-F515-33ED-98B8-AC60BF57EB98}.RelWithDebInfo|Win32.Build.0 = RelWithDebInfo|Win32
		{2E6AC5B8-E749-31E2-AD9D-01F7D8F222F6}.Debug|Win32.ActiveCfg = Debug|Win32
		{2E6AC5B8-E749-31E2-AD9D-01F7D8F222F6}.Debug|Win32.Build.0 = Debug|Win32
		{2E6AC5B8-E749-31E2-AD9D-01F7D8F222F6}.Release|Win32.ActiveCfg = Release|Win32
		{2E6AC5B8-E749-31E2-AD9D-01F7D8F222F6}.Release|Win32.Build.0 = Release|Win32
		{2E6AC5B8-E749-31E2-AD9D-01F7D8F222F6}.MinSizeRel|Win32.ActiveCfg = MinSizeRel|Win32
		{2E6AC5B8-E749-31E2-AD9D-01F7D8F222F6}.MinSizeRel|Win32.Build.0 = MinSizeRel|Win32
		{2E6AC5B8-E749-31E2-AD9D-01F7D8F222F6}.RelWithDebInfo|Win32.ActiveCfg = RelWithDebInfo|Win32
		{2E6AC5B8-E749-31E2-AD9D-01F7D8F222F6}.RelWithDebInfo|Win32.Build.0 = RelWithDebInfo|Win32
		{2F494B3B-586E-3ED5-9A44-CC32F8B9CE8F}.Debug|Win32.ActiveCfg = Debug|Win32
		{2F494B3B-586E-3ED5-9A44-CC32F8B9CE8F}.Debug|Win32.Build.0 = Debug|Win32
		{2F494B3B-586E-3ED5-9A44-CC32F8B9CE8F}.Release|Win32.ActiveCfg = Release|Win32
		{2F494B3B-586E-3ED5-9A44-CC32F8B9CE8F}.Release|Win32.Build.0 = Release|Win32
		{2F494B3B-586E-3ED5-9A44-CC32F8B9CE8F}.MinSizeRel|Win32.ActiveCfg = MinSizeRel|Win32
		{2F494B3B-586E-3ED5-9A44-CC32F8B9CE8F}.MinSizeRel|Win32.Build.0 = MinSizeRel|Win32
		{2F494B3B-586E-3ED5-9A44-CC32F8B9CE8F}.RelWithDebInfo|Win32.ActiveCfg = RelWithDebInfo|Win32
		{2F494B3B-586E-3ED5-9A44-CC32F8B9CE8F}.RelWithDebInfo|Win32.Build.0 = RelWithDebInfo|Win32
		{288E91A9-5543-3C6D-A091-AF2184933420}.Debug|Win32.ActiveCfg = Debug|Win32
		{288E91A9-5543-3C6D-A091-AF2184933420}.Debug|Win32.Build.0 = Debug|Win32
		{288E91A9-5543-3C6D-A091-AF2184933420}.Release|Win32.ActiveCfg = Release|Win32
		{288E91A9-5543-3C6D-A091-AF2184933420}.Release|Win32.Build.0 = Release|Win32
		{288E91A9-5543-3C6D-A091-AF2184933420}.MinSizeRel|Win32.ActiveCfg = MinSizeRel|Win32
		{288E91A9-5543-3C6D-A091-AF2184933420}.MinSizeRel|Win32.Build.0 = MinSizeRel|Win32
		{288E91A9-5543-3C6D-A091-AF2184933420}.RelWithDebInfo|Win32.ActiveCfg = RelWithDebInfo|Win32
		{288E91A9-5543-3C6D-A091-AF2184933420}.RelWithDebInfo|Win32.Build.0 = RelWithDebInfo|Win32
		{C4FD8851-2B33-3458-865C-1B594B039C95}.Debug|Win32.ActiveCfg = Debug|Win32
		{C4FD8851-2B33-3458-865C-1B594B039C95}.Debug|Win32.Build.0 = Debug|Win32
		{C4FD8851-2B33-3458-865C-1B594B039C95}.Release|Win32.ActiveCfg = Release|Win32
		{C4FD8851-2B33-3458-865C-1B594B039C95}.Release|Win32.Build.0 = Release|Win32
		{C4FD8851-2B33-3458-865C-1B594B039C95}.MinSizeRel|Win32.ActiveCfg = MinSizeRel|Win32
		{C4FD8851-2B33-3458-865C-1B594B039C95}.MinSizeRel|Win32.Build.0 = MinSizeRel|Win32
		{C4FD8851-2B33-3458-865C-1B594B039C95}.RelWithDebInfo|Win32.ActiveCfg = RelWithDebInfo|Win32
		{C4FD8851-2B33-3458-865C-1B594B039C95}.RelWithDebInfo|Win32.Build.0 = RelWithDebInfo|Win32
	EndGlobalSection
	GlobalSection(NestedProjects) = preSolution
		{067EA872-447F-3881-904F-A6156892D2C9} = {A7C2AD0A-BE78-37CC-9892-F9E5BA732FE4}
		{6A689452-6A5F-34DE-8D30-260257ABAFFF} = {A7C2AD0A-BE78-37CC-9892-F9E5BA732FE4}
		{3769B41E-E395-311C-8A2D-29A497CDEBA2} = {0B384174-164C-3556-B2D7-EAB5A58D3A82}
		{CD540BB5-3C27-37D3-AD09-3411BAA2B9C3} = {0B384174-164C-3556-B2D7-EAB5A58D3A82}
		{AB9D27B8-8BAF-3CFE-B90F-A8EAB209DBE3} = {0B384174-164C-3556-B2D7-EAB5A58D3A82}
		{23B956B1-6A68-3F99-9BB0-0DD05FDF55AF} = {0B384174-164C-3556-B2D7-EAB5A58D3A82}
		{5AA289E2-83A6-3B2D-9D30-AD65A822D8EB} = {0B384174-164C-3556-B2D7-EAB5A58D3A82}
		{5668B4FC-7FAC-3FF0-B127-F22BD945FE89} = {0B384174-164C-3556-B2D7-EAB5A58D3A82}
		{F096319F-F515-33ED-98B8-AC60BF57EB98} = {0B384174-164C-3556-B2D7-EAB5A58D3A82}
		{2E6AC5B8-E749-31E2-AD9D-01F7D8F222F6} = {0B384174-164C-3556-B2D7-EAB5A58D3A82}
		{2F494B3B-586E-3ED5-9A44-CC32F8B9CE8F} = {0B384174-164C-3556-B2D7-EAB5A58D3A82}
		{288E91A9-5543-3C6D-A091-AF2184933420} = {0B384174-164C-3556-B2D7-EAB5A58D3A82}
		{C4FD8851-2B33-3458-865C-1B594B039C95} = {0B384174-164C-3556-B2D7-EAB5A58D3A82}
		{B8C18583-9506-39B1-92A5-C640F5AB7C6A} = {E96C9E29-8BD3-37EA-B745-7874E0ACC431}
		{4799C946-4C28-3FC7-9529-3A1A4C12F199} = {628A616A-6FAE-3893-90E9-6D18F425F14E}
	EndGlobalSection
	GlobalSection(ExtensibilityGlobals) = postSolution
		SolutionGuid = {21B838DF-62E3-3065-8AA3-FD670ABAB5DB}
	EndGlobalSection
	GlobalSection(ExtensibilityAddIns) = postSolution
	EndGlobalSection
EndGlobal
